
Microsoft Visual Studio Solution File, Format Version 12.00
# Visual Studio Version 17
VisualStudioVersion = 17.3.32611.2
MinimumVisualStudioVersion = 10.0.40219.1
Project("{00D1A9C2-B5F0-4AF3-8072-F6C62B433612}") = "MyDatabase", "MyDatabase\MyDatabase.sqlproj", "{CBC421A7-2926-4C29-BCF8-BCF39CBADF2A}"
EndProject
Global
	GlobalSection(SolutionConfigurationPlatforms) = preSolution
		Debug|Any CPU = Debug|Any CPU
		Release|Any CPU = Release|Any CPU
	EndGlobalSection
	GlobalSection(ProjectConfigurationPlatforms) = postSolution
		{CBC421A7-2926-4C29-BCF8-BCF39CBADF2A}.Debug|Any CPU.ActiveCfg = Debug|Any CPU
		{CBC421A7-2926-4C29-BCF8-BCF39CBADF2A}.Debug|Any CPU.Build.0 = Debug|Any CPU
		{CBC421A7-2926-4C29-BCF8-BCF39CBADF2A}.Debug|Any CPU.Deploy.0 = Debug|Any CPU
		{CBC421A7-2926-4C29-BCF8-BCF39CBADF2A}.Release|Any CPU.ActiveCfg = Release|Any CPU
		{CBC421A7-2926-4C29-BCF8-BCF39CBADF2A}.Release|Any CPU.Build.0 = Release|Any CPU
		{CBC421A7-2926-4C29-BCF8-BCF39CBADF2A}.Release|Any CPU.Deploy.0 = Release|Any CPU
	EndGlobalSection
	GlobalSection(SolutionProperties) = preSolution
		HideSolutionNode = FALSE
	EndGlobalSection
	GlobalSection(ExtensibilityGlobals) = postSolution
		SolutionGuid = {BAA4360C-6B08-425A-81A7-DCEE6A9A54EF}
	EndGlobalSection
EndGlobal
